// !$*UTF8*$!
{
	archiveVersion = 1;
	classes = {
	};
	objectVersion = 77;
	objects = {

/* Begin PBXBuildFile section */
		0137550362B8888B6BC8D560 /* AppDelegate.swift in Sources */ = {isa = PBXBuildFile; fileRef = 60B344A9F2C2CFC496EFF936 /* AppDelegate.swift */; };
		07144C118B3B4016A32ECA29 /* HotKeyManagerTests.swift in Sources */ = {isa = PBXBuildFile; fileRef = 4D9537C55A63F03D933883AF /* HotKeyManagerTests.swift */; };
		0E651858A0C5ED5A884E2E40 /* iDictController.swift in Sources */ = {isa = PBXBuildFile; fileRef = 41A5A7DB6FE90F1C8DDAD551 /* iDictController.swift */; };
		0F8059F8EBC71B259EE6D876 /* Assets.xcassets in Resources */ = {isa = PBXBuildFile; fileRef = 113ACD77FB6227BFF888FD5A /* Assets.xcassets */; };
		101D3F9C0D611160C5A2FC71 /* PermissionManager.swift in Sources */ = {isa = PBXBuildFile; fileRef = 365115ECE786C23EB7439789 /* PermissionManager.swift */; };
		16783C21833009DEE627EE98 /* WindowPositionCalculatorTests.swift in Sources */ = {isa = PBXBuildFile; fileRef = 72CF791E163E1489E1769BEE /* WindowPositionCalculatorTests.swift */; };
		22B0BC5CFE226A597B5691B1 /* qishui.png in Resources */ = {isa = PBXBuildFile; fileRef = 9659CB8CE741F4158974671F /* qishui.png */; };
		372203818016262FDEC3C09C /* WindowPositionCalculator.swift in Sources */ = {isa = PBXBuildFile; fileRef = 1B3C065F14FDA1F3384A0F71 /* WindowPositionCalculator.swift */; };
		523E38C6B47EC31E866A5DD4 /* ClickableContentView.swift in Sources */ = {isa = PBXBuildFile; fileRef = B58D06B03992F780190B51D9 /* ClickableContentView.swift */; };
		5FC2FFA12523E5ED43E1CC68 /* KeyboardSimulator.swift in Sources */ = {isa = PBXBuildFile; fileRef = BA61A81D65F3A125B6C2FFFC /* KeyboardSimulator.swift */; };
		76AA5149E32B6B6B0805960B /* MediaControllerTests.swift in Sources */ = {isa = PBXBuildFile; fileRef = 4C9FCC4C6E23F7D5133EAC7C /* MediaControllerTests.swift */; };
		8C79643A09876BA6586287E2 /* ClipboardManagerTests.swift in Sources */ = {isa = PBXBuildFile; fileRef = 3EC872AA3FB27D0F489559B5 /* ClipboardManagerTests.swift */; };
		8EBC2D45C28B217F74F55E3E /* iDictTests.swift in Sources */ = {isa = PBXBuildFile; fileRef = B2E7DFD448D8F91BC43FE310 /* iDictTests.swift */; };
		900F2F8EDC572F7FE4BC0D94 /* ClipboardManager.swift in Sources */ = {isa = PBXBuildFile; fileRef = 311511BAECB682F109775143 /* ClipboardManager.swift */; };
		91B4E1F52C33EA8108BA4BA4 /* MenuBarController.swift in Sources */ = {isa = PBXBuildFile; fileRef = ECCEA0BDB3749E14123EC18F /* MenuBarController.swift */; };
		926BD1A1AA3024399BE4BF60 /* TranslationServiceTests.swift in Sources */ = {isa = PBXBuildFile; fileRef = 948EDC4A10A913F642B7616B /* TranslationServiceTests.swift */; };
		A51A93EECCD158E4B94D6BEB /* HTTPResponseHandlerTests.swift in Sources */ = {isa = PBXBuildFile; fileRef = F3C46294E7B198DBB7BF0AD1 /* HTTPResponseHandlerTests.swift */; };
		ACEBC9F17CDED8785E071CD1 /* AppConfig.swift in Sources */ = {isa = PBXBuildFile; fileRef = D224972B3C08670D503A5840 /* AppConfig.swift */; };
		B5D0C0DD1FFEF1FBE9DF1899 /* translationservice.swift in Sources */ = {isa = PBXBuildFile; fileRef = 8A97E51585B57B365AEDEB09 /* translationservice.swift */; };
		C541AA119A908ADBA060EA43 /* BorderlessWindow.swift in Sources */ = {isa = PBXBuildFile; fileRef = 5917AFAA47598EC13DBA96FE /* BorderlessWindow.swift */; };
		CE6DFEFCB4ECBC777A2EA57E /* PermissionManagerTests.swift in Sources */ = {isa = PBXBuildFile; fileRef = F74A7FD464F31D32D150DB96 /* PermissionManagerTests.swift */; };
		CE70D85BB281B5DC5F996500 /* KeyboardSimulatorTests.swift in Sources */ = {isa = PBXBuildFile; fileRef = F9D39918A796D3685E1E69BD /* KeyboardSimulatorTests.swift */; };
		D406B48961698C97DEDBF195 /* SettingsView.swift in Sources */ = {isa = PBXBuildFile; fileRef = 165CE66FB0257592CE60419C /* SettingsView.swift */; };
		D9C4FDCB8B5C7BD6F074B517 /* HotKeyManager.swift in Sources */ = {isa = PBXBuildFile; fileRef = D8950A35ADDFBB93F8657F1E /* HotKeyManager.swift */; };
		E47F80A420A638B693AA6F36 /* MenuBarControllerTests.swift in Sources */ = {isa = PBXBuildFile; fileRef = DDF0175C7CC055266F36959E /* MenuBarControllerTests.swift */; };
		E9DCC62DC405F60E82E03569 /* douyin.png in Resources */ = {isa = PBXBuildFile; fileRef = C8C6988F83E7C1E0AE332C78 /* douyin.png */; };
		FB6C44D33A55F989D3C9EA0B /* HTTPResponseHandler.swift in Sources */ = {isa = PBXBuildFile; fileRef = 3F4B7B9AB2DFA8D53EB7B2FE /* HTTPResponseHandler.swift */; };
		FE91F928287B0C86788EE844 /* iDictApp.swift in Sources */ = {isa = PBXBuildFile; fileRef = 94F04C07C00D0CD83C183D00 /* iDictApp.swift */; };
/* End PBXBuildFile section */

/* Begin PBXContainerItemProxy section */
		5958C2069D8159CA8661FB75 /* PBXContainerItemProxy */ = {
			isa = PBXContainerItemProxy;
			containerPortal = 98C4756B566EF035A725F089 /* Project object */;
			proxyType = 1;
			remoteGlobalIDString = A185B35390DB57AB4206E185;
			remoteInfo = iDict;
		};
/* End PBXContainerItemProxy section */

/* Begin PBXFileReference section */
		0D5F4BC4195D9B832F6A2EC1 /* Info.plist */ = {isa = PBXFileReference; lastKnownFileType = text.plist; path = Info.plist; sourceTree = "<group>"; };
		113ACD77FB6227BFF888FD5A /* Assets.xcassets */ = {isa = PBXFileReference; lastKnownFileType = folder.assetcatalog; path = Assets.xcassets; sourceTree = "<group>"; };
		165CE66FB0257592CE60419C /* SettingsView.swift */ = {isa = PBXFileReference; lastKnownFileType = sourcecode.swift; path = SettingsView.swift; sourceTree = "<group>"; };
		1B3C065F14FDA1F3384A0F71 /* WindowPositionCalculator.swift */ = {isa = PBXFileReference; lastKnownFileType = sourcecode.swift; path = WindowPositionCalculator.swift; sourceTree = "<group>"; };
		311511BAECB682F109775143 /* ClipboardManager.swift */ = {isa = PBXFileReference; lastKnownFileType = sourcecode.swift; path = ClipboardManager.swift; sourceTree = "<group>"; };
		365115ECE786C23EB7439789 /* PermissionManager.swift */ = {isa = PBXFileReference; lastKnownFileType = sourcecode.swift; path = PermissionManager.swift; sourceTree = "<group>"; };
		3EC872AA3FB27D0F489559B5 /* ClipboardManagerTests.swift */ = {isa = PBXFileReference; lastKnownFileType = sourcecode.swift; path = ClipboardManagerTests.swift; sourceTree = "<group>"; };
		3F4B7B9AB2DFA8D53EB7B2FE /* HTTPResponseHandler.swift */ = {isa = PBXFileReference; lastKnownFileType = sourcecode.swift; path = HTTPResponseHandler.swift; sourceTree = "<group>"; };
		41A5A7DB6FE90F1C8DDAD551 /* iDictController.swift */ = {isa = PBXFileReference; lastKnownFileType = sourcecode.swift; path = iDictController.swift; sourceTree = "<group>"; };
		4A34A3FB7BE0410BE9F0BD49 /* iDictTests.xctest */ = {isa = PBXFileReference; explicitFileType = wrapper.cfbundle; includeInIndex = 0; path = iDictTests.xctest; sourceTree = BUILT_PRODUCTS_DIR; };
		4C9FCC4C6E23F7D5133EAC7C /* MediaControllerTests.swift */ = {isa = PBXFileReference; lastKnownFileType = sourcecode.swift; path = MediaControllerTests.swift; sourceTree = "<group>"; };
		4D9537C55A63F03D933883AF /* HotKeyManagerTests.swift */ = {isa = PBXFileReference; lastKnownFileType = sourcecode.swift; path = HotKeyManagerTests.swift; sourceTree = "<group>"; };
		5917AFAA47598EC13DBA96FE /* BorderlessWindow.swift */ = {isa = PBXFileReference; lastKnownFileType = sourcecode.swift; path = BorderlessWindow.swift; sourceTree = "<group>"; };
		60B344A9F2C2CFC496EFF936 /* AppDelegate.swift */ = {isa = PBXFileReference; lastKnownFileType = sourcecode.swift; path = AppDelegate.swift; sourceTree = "<group>"; };
		72CF791E163E1489E1769BEE /* WindowPositionCalculatorTests.swift */ = {isa = PBXFileReference; lastKnownFileType = sourcecode.swift; path = WindowPositionCalculatorTests.swift; sourceTree = "<group>"; };
		8A97E51585B57B365AEDEB09 /* translationservice.swift */ = {isa = PBXFileReference; lastKnownFileType = sourcecode.swift; path = translationservice.swift; sourceTree = "<group>"; };
		948EDC4A10A913F642B7616B /* TranslationServiceTests.swift */ = {isa = PBXFileReference; lastKnownFileType = sourcecode.swift; path = TranslationServiceTests.swift; sourceTree = "<group>"; };
		94F04C07C00D0CD83C183D00 /* iDictApp.swift */ = {isa = PBXFileReference; lastKnownFileType = sourcecode.swift; path = iDictApp.swift; sourceTree = "<group>"; };
		9659CB8CE741F4158974671F /* qishui.png */ = {isa = PBXFileReference; lastKnownFileType = image.png; path = qishui.png; sourceTree = "<group>"; };
		A03D37D1983958E6D48967A2 /* iDict.entitlements */ = {isa = PBXFileReference; lastKnownFileType = text.plist.entitlements; path = iDict.entitlements; sourceTree = "<group>"; };
		B2E7DFD448D8F91BC43FE310 /* iDictTests.swift */ = {isa = PBXFileReference; lastKnownFileType = sourcecode.swift; path = iDictTests.swift; sourceTree = "<group>"; };
		B58D06B03992F780190B51D9 /* ClickableContentView.swift */ = {isa = PBXFileReference; lastKnownFileType = sourcecode.swift; path = ClickableContentView.swift; sourceTree = "<group>"; };
		B628D612AA08D6941F65C817 /* Info.plist */ = {isa = PBXFileReference; lastKnownFileType = text.plist; path = Info.plist; sourceTree = "<group>"; };
		BA61A81D65F3A125B6C2FFFC /* KeyboardSimulator.swift */ = {isa = PBXFileReference; lastKnownFileType = sourcecode.swift; path = KeyboardSimulator.swift; sourceTree = "<group>"; };
		C8C6988F83E7C1E0AE332C78 /* douyin.png */ = {isa = PBXFileReference; lastKnownFileType = image.png; path = douyin.png; sourceTree = "<group>"; };
		CEC087D20C1DBFDD0622AE3B /* iDict.app */ = {isa = PBXFileReference; explicitFileType = wrapper.application; includeInIndex = 0; path = iDict.app; sourceTree = BUILT_PRODUCTS_DIR; };
		D224972B3C08670D503A5840 /* AppConfig.swift */ = {isa = PBXFileReference; lastKnownFileType = sourcecode.swift; path = AppConfig.swift; sourceTree = "<group>"; };
		D8950A35ADDFBB93F8657F1E /* HotKeyManager.swift */ = {isa = PBXFileReference; lastKnownFileType = sourcecode.swift; path = HotKeyManager.swift; sourceTree = "<group>"; };
		DDF0175C7CC055266F36959E /* MenuBarControllerTests.swift */ = {isa = PBXFileReference; lastKnownFileType = sourcecode.swift; path = MenuBarControllerTests.swift; sourceTree = "<group>"; };
		ECCEA0BDB3749E14123EC18F /* MenuBarController.swift */ = {isa = PBXFileReference; lastKnownFileType = sourcecode.swift; path = MenuBarController.swift; sourceTree = "<group>"; };
		F3C46294E7B198DBB7BF0AD1 /* HTTPResponseHandlerTests.swift */ = {isa = PBXFileReference; lastKnownFileType = sourcecode.swift; path = HTTPResponseHandlerTests.swift; sourceTree = "<group>"; };
		F74A7FD464F31D32D150DB96 /* PermissionManagerTests.swift */ = {isa = PBXFileReference; lastKnownFileType = sourcecode.swift; path = PermissionManagerTests.swift; sourceTree = "<group>"; };
		F9D39918A796D3685E1E69BD /* KeyboardSimulatorTests.swift */ = {isa = PBXFileReference; lastKnownFileType = sourcecode.swift; path = KeyboardSimulatorTests.swift; sourceTree = "<group>"; };
/* End PBXFileReference section */

/* Begin PBXGroup section */
		1FDBA9BDEFF79224484D751A /* iDict */ = {
			isa = PBXGroup;
			children = (
				D224972B3C08670D503A5840 /* AppConfig.swift */,
				60B344A9F2C2CFC496EFF936 /* AppDelegate.swift */,
				113ACD77FB6227BFF888FD5A /* Assets.xcassets */,
				5917AFAA47598EC13DBA96FE /* BorderlessWindow.swift */,
				B58D06B03992F780190B51D9 /* ClickableContentView.swift */,
				311511BAECB682F109775143 /* ClipboardManager.swift */,
				D8950A35ADDFBB93F8657F1E /* HotKeyManager.swift */,
				3F4B7B9AB2DFA8D53EB7B2FE /* HTTPResponseHandler.swift */,
				A03D37D1983958E6D48967A2 /* iDict.entitlements */,
				94F04C07C00D0CD83C183D00 /* iDictApp.swift */,
				41A5A7DB6FE90F1C8DDAD551 /* iDictController.swift */,
				0D5F4BC4195D9B832F6A2EC1 /* Info.plist */,
				BA61A81D65F3A125B6C2FFFC /* KeyboardSimulator.swift */,
				ECCEA0BDB3749E14123EC18F /* MenuBarController.swift */,
				365115ECE786C23EB7439789 /* PermissionManager.swift */,
				165CE66FB0257592CE60419C /* SettingsView.swift */,
				8A97E51585B57B365AEDEB09 /* translationservice.swift */,
				1B3C065F14FDA1F3384A0F71 /* WindowPositionCalculator.swift */,
				C44BE05E1B24B33ED827201F /* assets */,
			);
			path = iDict;
			sourceTree = "<group>";
		};
		4B546EA9BAE9CA9E0D2E6C3B /* Products */ = {
			isa = PBXGroup;
			children = (
				CEC087D20C1DBFDD0622AE3B /* iDict.app */,
				4A34A3FB7BE0410BE9F0BD49 /* iDictTests.xctest */,
			);
			name = Products;
			sourceTree = "<group>";
		};
		9FA7BDDA2B3207439424862D /* iDictTests */ = {
			isa = PBXGroup;
			children = (
				3EC872AA3FB27D0F489559B5 /* ClipboardManagerTests.swift */,
				4D9537C55A63F03D933883AF /* HotKeyManagerTests.swift */,
				F3C46294E7B198DBB7BF0AD1 /* HTTPResponseHandlerTests.swift */,
				B2E7DFD448D8F91BC43FE310 /* iDictTests.swift */,
				B628D612AA08D6941F65C817 /* Info.plist */,
				F9D39918A796D3685E1E69BD /* KeyboardSimulatorTests.swift */,
				4C9FCC4C6E23F7D5133EAC7C /* MediaControllerTests.swift */,
				DDF0175C7CC055266F36959E /* MenuBarControllerTests.swift */,
				F74A7FD464F31D32D150DB96 /* PermissionManagerTests.swift */,
				948EDC4A10A913F642B7616B /* TranslationServiceTests.swift */,
				72CF791E163E1489E1769BEE /* WindowPositionCalculatorTests.swift */,
			);
			path = iDictTests;
			sourceTree = "<group>";
		};
		C44BE05E1B24B33ED827201F /* assets */ = {
			isa = PBXGroup;
			children = (
				C8C6988F83E7C1E0AE332C78 /* douyin.png */,
				9659CB8CE741F4158974671F /* qishui.png */,
			);
			path = assets;
			sourceTree = "<group>";
		};
		FBB9A1A2880265B7DBDEB260 = {
			isa = PBXGroup;
			children = (
				1FDBA9BDEFF79224484D751A /* iDict */,
				9FA7BDDA2B3207439424862D /* iDictTests */,
				4B546EA9BAE9CA9E0D2E6C3B /* Products */,
			);
			sourceTree = "<group>";
		};
/* End PBXGroup section */

/* Begin PBXNativeTarget section */
		A185B35390DB57AB4206E185 /* iDict */ = {
			isa = PBXNativeTarget;
			buildConfigurationList = F385ABCFC66DD8D2B6DD559F /* Build configuration list for PBXNativeTarget "iDict" */;
			buildPhases = (
				EA064B0EE32D8FF1797B7FAB /* Sources */,
				70E159006E3E44EF0D064460 /* Resources */,
			);
			buildRules = (
			);
			dependencies = (
			);
			name = iDict;
			packageProductDependencies = (
			);
			productName = iDict;
			productReference = CEC087D20C1DBFDD0622AE3B /* iDict.app */;
			productType = "com.apple.product-type.application";
		};
		DE8B03C69669CE7F50D8E78F /* iDictTests */ = {
			isa = PBXNativeTarget;
			buildConfigurationList = F39355804A3829B2499852F9 /* Build configuration list for PBXNativeTarget "iDictTests" */;
			buildPhases = (
				97112037890C58EB8ECDA141 /* Sources */,
			);
			buildRules = (
			);
			dependencies = (
				7AB8659329200BAF7742F9C1 /* PBXTargetDependency */,
			);
			name = iDictTests;
			packageProductDependencies = (
			);
			productName = iDictTests;
			productReference = 4A34A3FB7BE0410BE9F0BD49 /* iDictTests.xctest */;
			productType = "com.apple.product-type.bundle.unit-test";
		};
/* End PBXNativeTarget section */

/* Begin PBXProject section */
		98C4756B566EF035A725F089 /* Project object */ = {
			isa = PBXProject;
			attributes = {
				BuildIndependentTargetsInParallel = YES;
				LastUpgradeCheck = 1600;
				TargetAttributes = {
					A185B35390DB57AB4206E185 = {
						DevelopmentTeam = K9UF7A2D7Y;
						ProvisioningStyle = Automatic;
					};
					DE8B03C69669CE7F50D8E78F = {
						DevelopmentTeam = K9UF7A2D7Y;
						ProvisioningStyle = Automatic;
					};
				};
			};
			buildConfigurationList = 973ADD3BE26E83C1431345AD /* Build configuration list for PBXProject "iDict" */;
			developmentRegion = en;
			hasScannedForEncodings = 0;
			knownRegions = (
				Base,
				en,
			);
			mainGroup = FBB9A1A2880265B7DBDEB260;
			minimizedProjectReferenceProxies = 1;
			preferredProjectObjectVersion = 77;
			productRefGroup = 4B546EA9BAE9CA9E0D2E6C3B /* Products */;
			projectDirPath = "";
			projectRoot = "";
			targets = (
				A185B35390DB57AB4206E185 /* iDict */,
				DE8B03C69669CE7F50D8E78F /* iDictTests */,
			);
		};
/* End PBXProject section */

/* Begin PBXResourcesBuildPhase section */
		70E159006E3E44EF0D064460 /* Resources */ = {
			isa = PBXResourcesBuildPhase;
			buildActionMask = 2147483647;
			files = (
				0F8059F8EBC71B259EE6D876 /* Assets.xcassets in Resources */,
				E9DCC62DC405F60E82E03569 /* douyin.png in Resources */,
				22B0BC5CFE226A597B5691B1 /* qishui.png in Resources */,
			);
			runOnlyForDeploymentPostprocessing = 0;
		};
/* End PBXResourcesBuildPhase section */

/* Begin PBXSourcesBuildPhase section */
		97112037890C58EB8ECDA141 /* Sources */ = {
			isa = PBXSourcesBuildPhase;
			buildActionMask = 2147483647;
			files = (
				8C79643A09876BA6586287E2 /* ClipboardManagerTests.swift in Sources */,
				A51A93EECCD158E4B94D6BEB /* HTTPResponseHandlerTests.swift in Sources */,
				07144C118B3B4016A32ECA29 /* HotKeyManagerTests.swift in Sources */,
				CE70D85BB281B5DC5F996500 /* KeyboardSimulatorTests.swift in Sources */,
				76AA5149E32B6B6B0805960B /* MediaControllerTests.swift in Sources */,
				E47F80A420A638B693AA6F36 /* MenuBarControllerTests.swift in Sources */,
				CE6DFEFCB4ECBC777A2EA57E /* PermissionManagerTests.swift in Sources */,
				926BD1A1AA3024399BE4BF60 /* TranslationServiceTests.swift in Sources */,
				16783C21833009DEE627EE98 /* WindowPositionCalculatorTests.swift in Sources */,
				8EBC2D45C28B217F74F55E3E /* iDictTests.swift in Sources */,
			);
			runOnlyForDeploymentPostprocessing = 0;
		};
		EA064B0EE32D8FF1797B7FAB /* Sources */ = {
			isa = PBXSourcesBuildPhase;
			buildActionMask = 2147483647;
			files = (
				ACEBC9F17CDED8785E071CD1 /* AppConfig.swift in Sources */,
				0137550362B8888B6BC8D560 /* AppDelegate.swift in Sources */,
				C541AA119A908ADBA060EA43 /* BorderlessWindow.swift in Sources */,
				523E38C6B47EC31E866A5DD4 /* ClickableContentView.swift in Sources */,
				900F2F8EDC572F7FE4BC0D94 /* ClipboardManager.swift in Sources */,
				FB6C44D33A55F989D3C9EA0B /* HTTPResponseHandler.swift in Sources */,
				D9C4FDCB8B5C7BD6F074B517 /* HotKeyManager.swift in Sources */,
				5FC2FFA12523E5ED43E1CC68 /* KeyboardSimulator.swift in Sources */,
				91B4E1F52C33EA8108BA4BA4 /* MenuBarController.swift in Sources */,
				101D3F9C0D611160C5A2FC71 /* PermissionManager.swift in Sources */,
				D406B48961698C97DEDBF195 /* SettingsView.swift in Sources */,
				372203818016262FDEC3C09C /* WindowPositionCalculator.swift in Sources */,
				FE91F928287B0C86788EE844 /* iDictApp.swift in Sources */,
				0E651858A0C5ED5A884E2E40 /* iDictController.swift in Sources */,
				B5D0C0DD1FFEF1FBE9DF1899 /* translationservice.swift in Sources */,
			);
			runOnlyForDeploymentPostprocessing = 0;
		};
/* End PBXSourcesBuildPhase section */

/* Begin PBXTargetDependency section */
		7AB8659329200BAF7742F9C1 /* PBXTargetDependency */ = {
			isa = PBXTargetDependency;
			target = A185B35390DB57AB4206E185 /* iDict */;
			targetProxy = 5958C2069D8159CA8661FB75 /* PBXContainerItemProxy */;
		};
/* End PBXTargetDependency section */

/* Begin XCBuildConfiguration section */
		28D24E6539B0E0289CF70362 /* Debug */ = {
			isa = XCBuildConfiguration;
			buildSettings = {
				BUNDLE_LOADER = "$(TEST_HOST)";
				COMBINE_HIDPI_IMAGES = YES;
				CURRENT_PROJECT_VERSION = 1;
				GENERATE_INFOPLIST_FILE = YES;
				INFOPLIST_FILE = iDictTests/Info.plist;
				LD_RUNPATH_SEARCH_PATHS = (
					"$(inherited)",
					"@executable_path/../Frameworks",
					"@loader_path/../Frameworks",
				);
				MARKETING_VERSION = 1.0.34;
				PRODUCT_BUNDLE_IDENTIFIER = David.iDictTests;
				SDKROOT = macosx;
				SWIFT_APPROACHABLE_CONCURRENCY = YES;
				SWIFT_DEFAULT_ACTOR_ISOLATION = MainActor;
				TEST_HOST = "$(BUILT_PRODUCTS_DIR)/iDict.app/Contents/MacOS/iDict";
			};
			name = Debug;
		};
		805F9B2573910383BE412CB0 /* Debug */ = {
			isa = XCBuildConfiguration;
			buildSettings = {
				ASSETCATALOG_COMPILER_APPICON_NAME = AppIcon;
				ASSETCATALOG_COMPILER_GLOBAL_ACCENT_COLOR_NAME = AccentColor;
				CODE_SIGN_ENTITLEMENTS = iDict/iDict.entitlements;
				COMBINE_HIDPI_IMAGES = YES;
				CURRENT_PROJECT_VERSION = 1;
				ENABLE_HARDENED_RUNTIME = YES;
				GENERATE_INFOPLIST_FILE = YES;
				INFOPLIST_FILE = iDict/Info.plist;
				LD_RUNPATH_SEARCH_PATHS = (
					"$(inherited)",
					"@executable_path/../Frameworks",
				);
				MARKETING_VERSION = 1.0.34;
				PRODUCT_BUNDLE_IDENTIFIER = David.iDict;
				SDKROOT = macosx;
				SWIFT_APPROACHABLE_CONCURRENCY = YES;
				SWIFT_DEFAULT_ACTOR_ISOLATION = MainActor;
			};
			name = Debug;
		};
		B7B0064DC6C50AFB13544466 /* Release */ = {
			isa = XCBuildConfiguration;
			buildSettings = {
				BUNDLE_LOADER = "$(TEST_HOST)";
				COMBINE_HIDPI_IMAGES = YES;
				CURRENT_PROJECT_VERSION = 1;
				GENERATE_INFOPLIST_FILE = YES;
				INFOPLIST_FILE = iDictTests/Info.plist;
				LD_RUNPATH_SEARCH_PATHS = (
					"$(inherited)",
					"@executable_path/../Frameworks",
					"@loader_path/../Frameworks",
				);
				MARKETING_VERSION = 1.0.34;
				PRODUCT_BUNDLE_IDENTIFIER = David.iDictTests;
				SDKROOT = macosx;
				SWIFT_APPROACHABLE_CONCURRENCY = YES;
				SWIFT_DEFAULT_ACTOR_ISOLATION = MainActor;
				TEST_HOST = "$(BUILT_PRODUCTS_DIR)/iDict.app/Contents/MacOS/iDict";
			};
			name = Release;
		};
		CF6D275D501F63CE5C32641E /* Debug */ = {
			isa = XCBuildConfiguration;
			buildSettings = {
				ALWAYS_SEARCH_USER_PATHS = NO;
				CLANG_ANALYZER_NONNULL = YES;
				CLANG_ANALYZER_NUMBER_OBJECT_CONVERSION = YES_AGGRESSIVE;
				CLANG_CXX_LANGUAGE_STANDARD = "gnu++14";
				CLANG_CXX_LIBRARY = "libc++";
				CLANG_ENABLE_MODULES = YES;
				CLANG_ENABLE_OBJC_ARC = YES;
				CLANG_ENABLE_OBJC_WEAK = YES;
				CLANG_WARN_BLOCK_CAPTURE_AUTORELEASING = YES;
				CLANG_WARN_BOOL_CONVERSION = YES;
				CLANG_WARN_COMMA = YES;
				CLANG_WARN_CONSTANT_CONVERSION = YES;
				CLANG_WARN_DEPRECATED_OBJC_IMPLEMENTATIONS = YES;
				CLANG_WARN_DIRECT_OBJC_ISA_USAGE = YES_ERROR;
				CLANG_WARN_DOCUMENTATION_COMMENTS = YES;
				CLANG_WARN_EMPTY_BODY = YES;
				CLANG_WARN_ENUM_CONVERSION = YES;
				CLANG_WARN_INFINITE_RECURSION = YES;
				CLANG_WARN_INT_CONVERSION = YES;
				CLANG_WARN_NON_LITERAL_NULL_CONVERSION = YES;
				CLANG_WARN_OBJC_IMPLICIT_RETAIN_SELF = YES;
				CLANG_WARN_OBJC_LITERAL_CONVERSION = YES;
				CLANG_WARN_OBJC_ROOT_CLASS = YES_ERROR;
				CLANG_WARN_QUOTED_INCLUDE_IN_FRAMEWORK_HEADER = YES;
				CLANG_WARN_RANGE_LOOP_ANALYSIS = YES;
				CLANG_WARN_STRICT_PROTOTYPES = YES;
				CLANG_WARN_SUSPICIOUS_MOVE = YES;
				CLANG_WARN_UNGUARDED_AVAILABILITY = YES_AGGRESSIVE;
				CLANG_WARN_UNREACHABLE_CODE = YES;
				CLANG_WARN__DUPLICATE_METHOD_MATCH = YES;
				CODE_SIGN_STYLE = Automatic;
				COPY_PHASE_STRIP = NO;
				DEBUG_INFORMATION_FORMAT = dwarf;
				DEVELOPMENT_TEAM = K9UF7A2D7Y;
				ENABLE_STRICT_OBJC_MSGSEND = YES;
				ENABLE_TESTABILITY = YES;
				ENABLE_USER_SCRIPT_SANDBOXING = NO;
				GCC_C_LANGUAGE_STANDARD = gnu11;
				GCC_DYNAMIC_NO_PIC = NO;
				GCC_NO_COMMON_BLOCKS = YES;
				GCC_OPTIMIZATION_LEVEL = 0;
				GCC_PREPROCESSOR_DEFINITIONS = (
					"$(inherited)",
					"DEBUG=1",
				);
				GCC_WARN_64_TO_32_BIT_CONVERSION = YES;
				GCC_WARN_ABOUT_RETURN_TYPE = YES_ERROR;
				GCC_WARN_UNDECLARED_SELECTOR = YES;
				GCC_WARN_UNINITIALIZED_AUTOS = YES_AGGRESSIVE;
				GCC_WARN_UNUSED_FUNCTION = YES;
				GCC_WARN_UNUSED_VARIABLE = YES;
				MACOSX_DEPLOYMENT_TARGET = 26.0;
				MTL_ENABLE_DEBUG_INFO = INCLUDE_SOURCE;
				MTL_FAST_MATH = YES;
				ONLY_ACTIVE_ARCH = YES;
				PRODUCT_NAME = "$(TARGET_NAME)";
				SDKROOT = macosx;
				SWIFT_ACTIVE_COMPILATION_CONDITIONS = DEBUG;
				SWIFT_OPTIMIZATION_LEVEL = "-Onone";
				SWIFT_VERSION = 6.2;
			};
			name = Debug;
		};
		F1C56299836D10535D93D649 /* Release */ = {
			isa = XCBuildConfiguration;
			buildSettings = {
				ASSETCATALOG_COMPILER_APPICON_NAME = AppIcon;
				ASSETCATALOG_COMPILER_GLOBAL_ACCENT_COLOR_NAME = AccentColor;
				CODE_SIGN_ENTITLEMENTS = iDict/iDict.entitlements;
				COMBINE_HIDPI_IMAGES = YES;
				CURRENT_PROJECT_VERSION = 1;
				ENABLE_HARDENED_RUNTIME = YES;
				GENERATE_INFOPLIST_FILE = YES;
				INFOPLIST_FILE = iDict/Info.plist;
				LD_RUNPATH_SEARCH_PATHS = (
					"$(inherited)",
					"@executable_path/../Frameworks",
				);
				MARKETING_VERSION = 1.0.34;
				PRODUCT_BUNDLE_IDENTIFIER = David.iDict;
				SDKROOT = macosx;
				SWIFT_APPROACHABLE_CONCURRENCY = YES;
				SWIFT_DEFAULT_ACTOR_ISOLATION = MainActor;
			};
			name = Release;
		};
		F855C957BACFC2A472EFB249 /* Release */ = {
			isa = XCBuildConfiguration;
			buildSettings = {
				ALWAYS_SEARCH_USER_PATHS = NO;
				CLANG_ANALYZER_NONNULL = YES;
				CLANG_ANALYZER_NUMBER_OBJECT_CONVERSION = YES_AGGRESSIVE;
				CLANG_CXX_LANGUAGE_STANDARD = "gnu++14";
				CLANG_CXX_LIBRARY = "libc++";
				CLANG_ENABLE_MODULES = YES;
				CLANG_ENABLE_OBJC_ARC = YES;
				CLANG_ENABLE_OBJC_WEAK = YES;
				CLANG_WARN_BLOCK_CAPTURE_AUTORELEASING = YES;
				CLANG_WARN_BOOL_CONVERSION = YES;
				CLANG_WARN_COMMA = YES;
				CLANG_WARN_CONSTANT_CONVERSION = YES;
				CLANG_WARN_DEPRECATED_OBJC_IMPLEMENTATIONS = YES;
				CLANG_WARN_DIRECT_OBJC_ISA_USAGE = YES_ERROR;
				CLANG_WARN_DOCUMENTATION_COMMENTS = YES;
				CLANG_WARN_EMPTY_BODY = YES;
				CLANG_WARN_ENUM_CONVERSION = YES;
				CLANG_WARN_INFINITE_RECURSION = YES;
				CLANG_WARN_INT_CONVERSION = YES;
				CLANG_WARN_NON_LITERAL_NULL_CONVERSION = YES;
				CLANG_WARN_OBJC_IMPLICIT_RETAIN_SELF = YES;
				CLANG_WARN_OBJC_LITERAL_CONVERSION = YES;
				CLANG_WARN_OBJC_ROOT_CLASS = YES_ERROR;
				CLANG_WARN_QUOTED_INCLUDE_IN_FRAMEWORK_HEADER = YES;
				CLANG_WARN_RANGE_LOOP_ANALYSIS = YES;
				CLANG_WARN_STRICT_PROTOTYPES = YES;
				CLANG_WARN_SUSPICIOUS_MOVE = YES;
				CLANG_WARN_UNGUARDED_AVAILABILITY = YES_AGGRESSIVE;
				CLANG_WARN_UNREACHABLE_CODE = YES;
				CLANG_WARN__DUPLICATE_METHOD_MATCH = YES;
				CODE_SIGN_STYLE = Automatic;
				COPY_PHASE_STRIP = NO;
				DEBUG_INFORMATION_FORMAT = "dwarf-with-dsym";
				DEVELOPMENT_TEAM = K9UF7A2D7Y;
				ENABLE_NS_ASSERTIONS = NO;
				ENABLE_STRICT_OBJC_MSGSEND = YES;
				ENABLE_USER_SCRIPT_SANDBOXING = NO;
				GCC_C_LANGUAGE_STANDARD = gnu11;
				GCC_NO_COMMON_BLOCKS = YES;
				GCC_WARN_64_TO_32_BIT_CONVERSION = YES;
				GCC_WARN_ABOUT_RETURN_TYPE = YES_ERROR;
				GCC_WARN_UNDECLARED_SELECTOR = YES;
				GCC_WARN_UNINITIALIZED_AUTOS = YES_AGGRESSIVE;
				GCC_WARN_UNUSED_FUNCTION = YES;
				GCC_WARN_UNUSED_VARIABLE = YES;
				MACOSX_DEPLOYMENT_TARGET = 26.0;
				MTL_ENABLE_DEBUG_INFO = NO;
				MTL_FAST_MATH = YES;
				PRODUCT_NAME = "$(TARGET_NAME)";
				SDKROOT = macosx;
				SWIFT_COMPILATION_MODE = wholemodule;
				SWIFT_OPTIMIZATION_LEVEL = "-O";
				SWIFT_VERSION = 6.2;
			};
			name = Release;
		};
/* End XCBuildConfiguration section */

/* Begin XCConfigurationList section */
		973ADD3BE26E83C1431345AD /* Build configuration list for PBXProject "iDict" */ = {
			isa = XCConfigurationList;
			buildConfigurations = (
				CF6D275D501F63CE5C32641E /* Debug */,
				F855C957BACFC2A472EFB249 /* Release */,
			);
			defaultConfigurationIsVisible = 0;
			defaultConfigurationName = Debug;
		};
		F385ABCFC66DD8D2B6DD559F /* Build configuration list for PBXNativeTarget "iDict" */ = {
			isa = XCConfigurationList;
			buildConfigurations = (
				805F9B2573910383BE412CB0 /* Debug */,
				F1C56299836D10535D93D649 /* Release */,
			);
			defaultConfigurationIsVisible = 0;
			defaultConfigurationName = Debug;
		};
		F39355804A3829B2499852F9 /* Build configuration list for PBXNativeTarget "iDictTests" */ = {
			isa = XCConfigurationList;
			buildConfigurations = (
				28D24E6539B0E0289CF70362 /* Debug */,
				B7B0064DC6C50AFB13544466 /* Release */,
			);
			defaultConfigurationIsVisible = 0;
			defaultConfigurationName = Debug;
		};
/* End XCConfigurationList section */
	};
	rootObject = 98C4756B566EF035A725F089 /* Project object */;
}
